
Microsoft Visual Studio Solution File, Format Version 11.00
# Visual Studio 2010
Project("{FAE04EC0-301F-11D3-BF4B-00C04F79EFBC}") = "unityGame-master", "Assembly-CSharp.csproj", "{02B1FC02-0967-8148-2D4C-006BAC210829}"
EndProject
Global
	GlobalSection(SolutionConfigurationPlatforms) = preSolution
		Debug|Any CPU = Debug|Any CPU
		Release|Any CPU = Release|Any CPU
	EndGlobalSection
	GlobalSection(ProjectConfigurationPlatforms) = postSolution
		{02B1FC02-0967-8148-2D4C-006BAC210829}.Debug|Any CPU.ActiveCfg = Debug|Any CPU
		{02B1FC02-0967-8148-2D4C-006BAC210829}.Debug|Any CPU.Build.0 = Debug|Any CPU
		{02B1FC02-0967-8148-2D4C-006BAC210829}.Release|Any CPU.ActiveCfg = Release|Any CPU
		{02B1FC02-0967-8148-2D4C-006BAC210829}.Release|Any CPU.Build.0 = Release|Any CPU
	EndGlobalSection
	GlobalSection(SolutionProperties) = preSolution
		HideSolutionNode = FALSE
	EndGlobalSection
	GlobalSection(MonoDevelopProperties) = preSolution
		StartupItem = Assembly-CSharp.csproj
	EndGlobalSection
EndGlobal
